
Microsoft Visual Studio Solution File, Format Version 12.00
# Visual Studio 15
VisualStudioVersion = 15.0.26124.0
MinimumVisualStudioVersion = 15.0.26124.0
Project("{FAE04EC0-301F-11D3-BF4B-00C04F79EFBC}") = "SnapTest.NUnit.Examples", "SnapTest.NUnit.Examples\SnapTest.NUnit.Examples.csproj", "{02953EE5-93EE-422B-A56B-3747F991C909}"
EndProject
Project("{FAE04EC0-301F-11D3-BF4B-00C04F79EFBC}") = "CityModel", "CityModel\CityModel.csproj", "{0146310F-3192-4A0F-9B1F-33BFA76B9998}"
EndProject
Project("{FAE04EC0-301F-11D3-BF4B-00C04F79EFBC}") = "SnapTest.Examples", "SnapTest.Examples\SnapTest.Examples.csproj", "{D6EE31C0-C35C-4E6D-9A9B-03A208B82B5A}"
EndProject
Global
	GlobalSection(SolutionConfigurationPlatforms) = preSolution
		Debug|Any CPU = Debug|Any CPU
		Debug|x64 = Debug|x64
		Debug|x86 = Debug|x86
		Release|Any CPU = Release|Any CPU
		Release|x64 = Release|x64
		Release|x86 = Release|x86
	EndGlobalSection
	GlobalSection(SolutionProperties) = preSolution
		HideSolutionNode = FALSE
	EndGlobalSection
	GlobalSection(ProjectConfigurationPlatforms) = postSolution
		{02953EE5-93EE-422B-A56B-3747F991C909}.Debug|Any CPU.ActiveCfg = Debug|Any CPU
		{02953EE5-93EE-422B-A56B-3747F991C909}.Debug|Any CPU.Build.0 = Debug|Any CPU
		{02953EE5-93EE-422B-A56B-3747F991C909}.Debug|x64.ActiveCfg = Debug|Any CPU
		{02953EE5-93EE-422B-A56B-3747F991C909}.Debug|x64.Build.0 = Debug|Any CPU
		{02953EE5-93EE-422B-A56B-3747F991C909}.Debug|x86.ActiveCfg = Debug|Any CPU
		{02953EE5-93EE-422B-A56B-3747F991C909}.Debug|x86.Build.0 = Debug|Any CPU
		{02953EE5-93EE-422B-A56B-3747F991C909}.Release|Any CPU.ActiveCfg = Release|Any CPU
		{02953EE5-93EE-422B-A56B-3747F991C909}.Release|Any CPU.Build.0 = Release|Any CPU
		{02953EE5-93EE-422B-A56B-3747F991C909}.Release|x64.ActiveCfg = Release|Any CPU
		{02953EE5-93EE-422B-A56B-3747F991C909}.Release|x64.Build.0 = Release|Any CPU
		{02953EE5-93EE-422B-A56B-3747F991C909}.Release|x86.ActiveCfg = Release|Any CPU
		{02953EE5-93EE-422B-A56B-3747F991C909}.Release|x86.Build.0 = Release|Any CPU
		{0146310F-3192-4A0F-9B1F-33BFA76B9998}.Debug|Any CPU.ActiveCfg = Debug|Any CPU
		{0146310F-3192-4A0F-9B1F-33BFA76B9998}.Debug|Any CPU.Build.0 = Debug|Any CPU
		{0146310F-3192-4A0F-9B1F-33BFA76B9998}.Debug|x64.ActiveCfg = Debug|Any CPU
		{0146310F-3192-4A0F-9B1F-33BFA76B9998}.Debug|x64.Build.0 = Debug|Any CPU
		{0146310F-3192-4A0F-9B1F-33BFA76B9998}.Debug|x86.ActiveCfg = Debug|Any CPU
		{0146310F-3192-4A0F-9B1F-33BFA76B9998}.Debug|x86.Build.0 = Debug|Any CPU
		{0146310F-3192-4A0F-9B1F-33BFA76B9998}.Release|Any CPU.ActiveCfg = Release|Any CPU
		{0146310F-3192-4A0F-9B1F-33BFA76B9998}.Release|Any CPU.Build.0 = Release|Any CPU
		{0146310F-3192-4A0F-9B1F-33BFA76B9998}.Release|x64.ActiveCfg = Release|Any CPU
		{0146310F-3192-4A0F-9B1F-33BFA76B9998}.Release|x64.Build.0 = Release|Any CPU
		{0146310F-3192-4A0F-9B1F-33BFA76B9998}.Release|x86.ActiveCfg = Release|Any CPU
		{0146310F-3192-4A0F-9B1F-33BFA76B9998}.Release|x86.Build.0 = Release|Any CPU
		{D6EE31C0-C35C-4E6D-9A9B-03A208B82B5A}.Debug|Any CPU.ActiveCfg = Debug|Any CPU
		{D6EE31C0-C35C-4E6D-9A9B-03A208B82B5A}.Debug|Any CPU.Build.0 = Debug|Any CPU
		{D6EE31C0-C35C-4E6D-9A9B-03A208B82B5A}.Debug|x64.ActiveCfg = Debug|Any CPU
		{D6EE31C0-C35C-4E6D-9A9B-03A208B82B5A}.Debug|x64.Build.0 = Debug|Any CPU
		{D6EE31C0-C35C-4E6D-9A9B-03A208B82B5A}.Debug|x86.ActiveCfg = Debug|Any CPU
		{D6EE31C0-C35C-4E6D-9A9B-03A208B82B5A}.Debug|x86.Build.0 = Debug|Any CPU
		{D6EE31C0-C35C-4E6D-9A9B-03A208B82B5A}.Release|Any CPU.ActiveCfg = Release|Any CPU
		{D6EE31C0-C35C-4E6D-9A9B-03A208B82B5A}.Release|Any CPU.Build.0 = Release|Any CPU
		{D6EE31C0-C35C-4E6D-9A9B-03A208B82B5A}.Release|x64.ActiveCfg = Release|Any CPU
		{D6EE31C0-C35C-4E6D-9A9B-03A208B82B5A}.Release|x64.Build.0 = Release|Any CPU
		{D6EE31C0-C35C-4E6D-9A9B-03A208B82B5A}.Release|x86.ActiveCfg = Release|Any CPU
		{D6EE31C0-C35C-4E6D-9A9B-03A208B82B5A}.Release|x86.Build.0 = Release|Any CPU
	EndGlobalSection
EndGlobal
