
Microsoft Visual Studio Solution File, Format Version 12.00
# Visual Studio 15
VisualStudioVersion = 15.0.26124.0
MinimumVisualStudioVersion = 15.0.26124.0
Project("{FAE04EC0-301F-11D3-BF4B-00C04F79EFBC}") = "SnapTest.NUnit.Tests", "SnapTest.NUnit.Tests\SnapTest.NUnit.Tests.csproj", "{8608B8F3-D8D6-4294-A0F5-EA70EAB53A15}"
EndProject
Project("{FAE04EC0-301F-11D3-BF4B-00C04F79EFBC}") = "SnapTest.NUnit", "SnapTest.NUnit\SnapTest.NUnit.csproj", "{52C1D929-9BE5-473A-82B9-7338F2F83CFE}"
EndProject
Project("{FAE04EC0-301F-11D3-BF4B-00C04F79EFBC}") = "SnapTest.Tests", "SnapTest.Tests\SnapTest.Tests.csproj", "{2725AB78-6B04-4CA6-8C37-334A6B8DE1A1}"
EndProject
Project("{FAE04EC0-301F-11D3-BF4B-00C04F79EFBC}") = "SnapTest", "SnapTest\SnapTest.csproj", "{11CACB10-BC27-4BE5-96DB-00C8AF2405AF}"
EndProject
Project("{FAE04EC0-301F-11D3-BF4B-00C04F79EFBC}") = "SnapTest.Xunit", "SnapTest.Xunit\SnapTest.Xunit.csproj", "{1F2198EB-FA98-45EB-9B12-24129EB15A6D}"
EndProject
Project("{FAE04EC0-301F-11D3-BF4B-00C04F79EFBC}") = "SnapTest.Xunit.Tests", "SnapTest.Xunit.Tests\SnapTest.Xunit.Tests.csproj", "{91F806B8-876E-4AED-A45D-A16A178DA42B}"
EndProject
Global
	GlobalSection(SolutionConfigurationPlatforms) = preSolution
		Debug|Any CPU = Debug|Any CPU
		Debug|x64 = Debug|x64
		Debug|x86 = Debug|x86
		Release|Any CPU = Release|Any CPU
		Release|x64 = Release|x64
		Release|x86 = Release|x86
	EndGlobalSection
	GlobalSection(SolutionProperties) = preSolution
		HideSolutionNode = FALSE
	EndGlobalSection
	GlobalSection(ProjectConfigurationPlatforms) = postSolution
		{8608B8F3-D8D6-4294-A0F5-EA70EAB53A15}.Debug|Any CPU.ActiveCfg = Debug|Any CPU
		{8608B8F3-D8D6-4294-A0F5-EA70EAB53A15}.Debug|Any CPU.Build.0 = Debug|Any CPU
		{8608B8F3-D8D6-4294-A0F5-EA70EAB53A15}.Debug|x64.ActiveCfg = Debug|Any CPU
		{8608B8F3-D8D6-4294-A0F5-EA70EAB53A15}.Debug|x64.Build.0 = Debug|Any CPU
		{8608B8F3-D8D6-4294-A0F5-EA70EAB53A15}.Debug|x86.ActiveCfg = Debug|Any CPU
		{8608B8F3-D8D6-4294-A0F5-EA70EAB53A15}.Debug|x86.Build.0 = Debug|Any CPU
		{8608B8F3-D8D6-4294-A0F5-EA70EAB53A15}.Release|Any CPU.ActiveCfg = Release|Any CPU
		{8608B8F3-D8D6-4294-A0F5-EA70EAB53A15}.Release|Any CPU.Build.0 = Release|Any CPU
		{8608B8F3-D8D6-4294-A0F5-EA70EAB53A15}.Release|x64.ActiveCfg = Release|Any CPU
		{8608B8F3-D8D6-4294-A0F5-EA70EAB53A15}.Release|x64.Build.0 = Release|Any CPU
		{8608B8F3-D8D6-4294-A0F5-EA70EAB53A15}.Release|x86.ActiveCfg = Release|Any CPU
		{8608B8F3-D8D6-4294-A0F5-EA70EAB53A15}.Release|x86.Build.0 = Release|Any CPU
		{52C1D929-9BE5-473A-82B9-7338F2F83CFE}.Debug|Any CPU.ActiveCfg = Debug|Any CPU
		{52C1D929-9BE5-473A-82B9-7338F2F83CFE}.Debug|Any CPU.Build.0 = Debug|Any CPU
		{52C1D929-9BE5-473A-82B9-7338F2F83CFE}.Debug|x64.ActiveCfg = Debug|Any CPU
		{52C1D929-9BE5-473A-82B9-7338F2F83CFE}.Debug|x64.Build.0 = Debug|Any CPU
		{52C1D929-9BE5-473A-82B9-7338F2F83CFE}.Debug|x86.ActiveCfg = Debug|Any CPU
		{52C1D929-9BE5-473A-82B9-7338F2F83CFE}.Debug|x86.Build.0 = Debug|Any CPU
		{52C1D929-9BE5-473A-82B9-7338F2F83CFE}.Release|Any CPU.ActiveCfg = Release|Any CPU
		{52C1D929-9BE5-473A-82B9-7338F2F83CFE}.Release|Any CPU.Build.0 = Release|Any CPU
		{52C1D929-9BE5-473A-82B9-7338F2F83CFE}.Release|x64.ActiveCfg = Release|Any CPU
		{52C1D929-9BE5-473A-82B9-7338F2F83CFE}.Release|x64.Build.0 = Release|Any CPU
		{52C1D929-9BE5-473A-82B9-7338F2F83CFE}.Release|x86.ActiveCfg = Release|Any CPU
		{52C1D929-9BE5-473A-82B9-7338F2F83CFE}.Release|x86.Build.0 = Release|Any CPU
		{2725AB78-6B04-4CA6-8C37-334A6B8DE1A1}.Debug|Any CPU.ActiveCfg = Debug|Any CPU
		{2725AB78-6B04-4CA6-8C37-334A6B8DE1A1}.Debug|Any CPU.Build.0 = Debug|Any CPU
		{2725AB78-6B04-4CA6-8C37-334A6B8DE1A1}.Debug|x64.ActiveCfg = Debug|Any CPU
		{2725AB78-6B04-4CA6-8C37-334A6B8DE1A1}.Debug|x64.Build.0 = Debug|Any CPU
		{2725AB78-6B04-4CA6-8C37-334A6B8DE1A1}.Debug|x86.ActiveCfg = Debug|Any CPU
		{2725AB78-6B04-4CA6-8C37-334A6B8DE1A1}.Debug|x86.Build.0 = Debug|Any CPU
		{2725AB78-6B04-4CA6-8C37-334A6B8DE1A1}.Release|Any CPU.ActiveCfg = Release|Any CPU
		{2725AB78-6B04-4CA6-8C37-334A6B8DE1A1}.Release|Any CPU.Build.0 = Release|Any CPU
		{2725AB78-6B04-4CA6-8C37-334A6B8DE1A1}.Release|x64.ActiveCfg = Release|Any CPU
		{2725AB78-6B04-4CA6-8C37-334A6B8DE1A1}.Release|x64.Build.0 = Release|Any CPU
		{2725AB78-6B04-4CA6-8C37-334A6B8DE1A1}.Release|x86.ActiveCfg = Release|Any CPU
		{2725AB78-6B04-4CA6-8C37-334A6B8DE1A1}.Release|x86.Build.0 = Release|Any CPU
		{11CACB10-BC27-4BE5-96DB-00C8AF2405AF}.Debug|Any CPU.ActiveCfg = Debug|Any CPU
		{11CACB10-BC27-4BE5-96DB-00C8AF2405AF}.Debug|Any CPU.Build.0 = Debug|Any CPU
		{11CACB10-BC27-4BE5-96DB-00C8AF2405AF}.Debug|x64.ActiveCfg = Debug|Any CPU
		{11CACB10-BC27-4BE5-96DB-00C8AF2405AF}.Debug|x64.Build.0 = Debug|Any CPU
		{11CACB10-BC27-4BE5-96DB-00C8AF2405AF}.Debug|x86.ActiveCfg = Debug|Any CPU
		{11CACB10-BC27-4BE5-96DB-00C8AF2405AF}.Debug|x86.Build.0 = Debug|Any CPU
		{11CACB10-BC27-4BE5-96DB-00C8AF2405AF}.Release|Any CPU.ActiveCfg = Release|Any CPU
		{11CACB10-BC27-4BE5-96DB-00C8AF2405AF}.Release|Any CPU.Build.0 = Release|Any CPU
		{11CACB10-BC27-4BE5-96DB-00C8AF2405AF}.Release|x64.ActiveCfg = Release|Any CPU
		{11CACB10-BC27-4BE5-96DB-00C8AF2405AF}.Release|x64.Build.0 = Release|Any CPU
		{11CACB10-BC27-4BE5-96DB-00C8AF2405AF}.Release|x86.ActiveCfg = Release|Any CPU
		{11CACB10-BC27-4BE5-96DB-00C8AF2405AF}.Release|x86.Build.0 = Release|Any CPU
		{1F2198EB-FA98-45EB-9B12-24129EB15A6D}.Debug|Any CPU.ActiveCfg = Debug|Any CPU
		{1F2198EB-FA98-45EB-9B12-24129EB15A6D}.Debug|Any CPU.Build.0 = Debug|Any CPU
		{1F2198EB-FA98-45EB-9B12-24129EB15A6D}.Debug|x64.ActiveCfg = Debug|Any CPU
		{1F2198EB-FA98-45EB-9B12-24129EB15A6D}.Debug|x64.Build.0 = Debug|Any CPU
		{1F2198EB-FA98-45EB-9B12-24129EB15A6D}.Debug|x86.ActiveCfg = Debug|Any CPU
		{1F2198EB-FA98-45EB-9B12-24129EB15A6D}.Debug|x86.Build.0 = Debug|Any CPU
		{1F2198EB-FA98-45EB-9B12-24129EB15A6D}.Release|Any CPU.ActiveCfg = Release|Any CPU
		{1F2198EB-FA98-45EB-9B12-24129EB15A6D}.Release|Any CPU.Build.0 = Release|Any CPU
		{1F2198EB-FA98-45EB-9B12-24129EB15A6D}.Release|x64.ActiveCfg = Release|Any CPU
		{1F2198EB-FA98-45EB-9B12-24129EB15A6D}.Release|x64.Build.0 = Release|Any CPU
		{1F2198EB-FA98-45EB-9B12-24129EB15A6D}.Release|x86.ActiveCfg = Release|Any CPU
		{1F2198EB-FA98-45EB-9B12-24129EB15A6D}.Release|x86.Build.0 = Release|Any CPU
		{91F806B8-876E-4AED-A45D-A16A178DA42B}.Debug|Any CPU.ActiveCfg = Debug|Any CPU
		{91F806B8-876E-4AED-A45D-A16A178DA42B}.Debug|Any CPU.Build.0 = Debug|Any CPU
		{91F806B8-876E-4AED-A45D-A16A178DA42B}.Debug|x64.ActiveCfg = Debug|Any CPU
		{91F806B8-876E-4AED-A45D-A16A178DA42B}.Debug|x64.Build.0 = Debug|Any CPU
		{91F806B8-876E-4AED-A45D-A16A178DA42B}.Debug|x86.ActiveCfg = Debug|Any CPU
		{91F806B8-876E-4AED-A45D-A16A178DA42B}.Debug|x86.Build.0 = Debug|Any CPU
		{91F806B8-876E-4AED-A45D-A16A178DA42B}.Release|Any CPU.ActiveCfg = Release|Any CPU
		{91F806B8-876E-4AED-A45D-A16A178DA42B}.Release|Any CPU.Build.0 = Release|Any CPU
		{91F806B8-876E-4AED-A45D-A16A178DA42B}.Release|x64.ActiveCfg = Release|Any CPU
		{91F806B8-876E-4AED-A45D-A16A178DA42B}.Release|x64.Build.0 = Release|Any CPU
		{91F806B8-876E-4AED-A45D-A16A178DA42B}.Release|x86.ActiveCfg = Release|Any CPU
		{91F806B8-876E-4AED-A45D-A16A178DA42B}.Release|x86.Build.0 = Release|Any CPU
	EndGlobalSection
EndGlobal
